{
  "name": "home-assistant-dynamic-adjuster",
  "lockfileVersion": 3,
  "requires": true,
  "packages": {
    "": {
      "name": "home-assistant-dynamic-adjuster",
      "license": "Apache-2.0",
      "dependencies": {
        "config": "^4.1.1"
      }
    },
    "node_modules/config": {
      "version": "4.1.1",
      "resolved": "https://registry.npmjs.org/config/-/config-4.1.1.tgz",
      "integrity": "sha512-jljfwqNZ7QHwAW9Z9NDZdJARFiu5pjLqQO0K4ooY22iY/bIY78n0afI4ANEawfgQOxri0K/3oTayX8XIauWcLA==",
      "license": "MIT",
      "dependencies": {
        "json5": "^2.2.3"
      },
      "engines": {
        "node": ">= 20.0.0"
      }
    },
    "node_modules/json5": {
      "version": "2.2.3",
      "resolved": "https://registry.npmjs.org/json5/-/json5-2.2.3.tgz",
      "integrity": "sha512-XmOWe7eyHYH14cLdVPoyg+GOH3rYX++KpzrylJwSW98t3Nk+U8XOl8FWKOgwtzdb8lXGf6zYwDUzeHMWfxasyg==",
      "license": "MIT",
      "bin": {
        "json5": "lib/cli.js"
      },
      "engines": {
        "node": ">=6"
      }
    }
  }
}
